
Microsoft Visual Studio Solution File, Format Version 12.00
# Visual Studio 15
VisualStudioVersion = 15.0.28307.779
MinimumVisualStudioVersion = 10.0.40219.1
Project("{FAE04EC0-301F-11D3-BF4B-00C04F79EFBC}") = "TrendyBridals", "TrendyBridals\TrendyBridals.csproj", "{2D30D992-20BF-485A-B925-8686F9E5CF67}"
EndProject
Global
	GlobalSection(SolutionConfigurationPlatforms) = preSolution
		Debug|Any CPU = Debug|Any CPU
		Release|Any CPU = Release|Any CPU
	EndGlobalSection
	GlobalSection(ProjectConfigurationPlatforms) = postSolution
		{2D30D992-20BF-485A-B925-8686F9E5CF67}.Debug|Any CPU.ActiveCfg = Debug|Any CPU
		{2D30D992-20BF-485A-B925-8686F9E5CF67}.Debug|Any CPU.Build.0 = Debug|Any CPU
		{2D30D992-20BF-485A-B925-8686F9E5CF67}.Release|Any CPU.ActiveCfg = Release|Any CPU
		{2D30D992-20BF-485A-B925-8686F9E5CF67}.Release|Any CPU.Build.0 = Release|Any CPU
	EndGlobalSection
	GlobalSection(SolutionProperties) = preSolution
		HideSolutionNode = FALSE
	EndGlobalSection
	GlobalSection(ExtensibilityGlobals) = postSolution
		SolutionGuid = {3B58DC8B-A35C-4498-9049-F8814925CE95}
	EndGlobalSection
EndGlobal
